{
  "lockfileVersion": 1,
  "configVersion": 1,
  "workspaces": {
    "": {
      "name": "@fusengine/core-guards",
      "dependencies": {
        "@fusengine/harness": "latest",
      },
    },
  },
  "packages": {
    "@fusengine/harness": ["@fusengine/harness@0.1.25", "", { "peerDependencies": { "@vercel/detect-agent": "*" }, "optionalPeers": ["@vercel/detect-agent"], "bin": { "harness": "dist/cli/bin.mjs" } }, "sha512-mNAfiEQmKVUB9eJlsZ2bB0wWxi9TIrnY9WPID1OGRdkeUhBmTDlQ5cw791h8LZnrGobMx4shQlohbhvnkyDYrw=="],
  }
}
